// !$*UTF8*$!
{
	archiveVersion = 1;
	classes = {
	};
	objectVersion = 55;
	objects = {

/* Begin PBXBuildFile section */
		EDF8A134282B6866000C8FAE /* AppDelegate.swift in Sources */ = {isa = PBXBuildFile; fileRef = EDF8A133282B6866000C8FAE /* AppDelegate.swift */; };
		EDF8A136282B6866000C8FAE /* SceneDelegate.swift in Sources */ = {isa = PBXBuildFile; fileRef = EDF8A135282B6866000C8FAE /* SceneDelegate.swift */; };
		EDF8A138282B6866000C8FAE /* ConversationsViewController.swift in Sources */ = {isa = PBXBuildFile; fileRef = EDF8A137282B6866000C8FAE /* ConversationsViewController.swift */; };
		EDF8A13B282B6866000C8FAE /* Main.storyboard in Resources */ = {isa = PBXBuildFile; fileRef = EDF8A139282B6866000C8FAE /* Main.storyboard */; };
		EDF8A13D282B6869000C8FAE /* Assets.xcassets in Resources */ = {isa = PBXBuildFile; fileRef = EDF8A13C282B6869000C8FAE /* Assets.xcassets */; };
		EDF8A140282B6869000C8FAE /* LaunchScreen.storyboard in Resources */ = {isa = PBXBuildFile; fileRef = EDF8A13E282B6869000C8FAE /* LaunchScreen.storyboard */; };
		EDF8A14B282B686A000C8FAE /* MessengerTests.swift in Sources */ = {isa = PBXBuildFile; fileRef = EDF8A14A282B686A000C8FAE /* MessengerTests.swift */; };
		EDF8A155282B686A000C8FAE /* MessengerUITests.swift in Sources */ = {isa = PBXBuildFile; fileRef = EDF8A154282B686A000C8FAE /* MessengerUITests.swift */; };
		EDF8A157282B686A000C8FAE /* MessengerUITestsLaunchTests.swift in Sources */ = {isa = PBXBuildFile; fileRef = EDF8A156282B686A000C8FAE /* MessengerUITestsLaunchTests.swift */; };
		EDF8A16A282B6ED0000C8FAE /* LoginViewController.swift in Sources */ = {isa = PBXBuildFile; fileRef = EDF8A169282B6ED0000C8FAE /* LoginViewController.swift */; };
		EDF8A16C282B6EF2000C8FAE /* RegisterViewController.swift in Sources */ = {isa = PBXBuildFile; fileRef = EDF8A16B282B6EF2000C8FAE /* RegisterViewController.swift */; };
		EDF8A16E282B6F27000C8FAE /* PhotoViewerViewController.swift in Sources */ = {isa = PBXBuildFile; fileRef = EDF8A16D282B6F27000C8FAE /* PhotoViewerViewController.swift */; };
		EDF8A170282B6F54000C8FAE /* VideoPlayerViewController.swift in Sources */ = {isa = PBXBuildFile; fileRef = EDF8A16F282B6F54000C8FAE /* VideoPlayerViewController.swift */; };
		EDF8A172282B6F77000C8FAE /* NewConversationViewController.swift in Sources */ = {isa = PBXBuildFile; fileRef = EDF8A171282B6F77000C8FAE /* NewConversationViewController.swift */; };
		EDF8A174282B6F89000C8FAE /* ProfileViewController.swift in Sources */ = {isa = PBXBuildFile; fileRef = EDF8A173282B6F89000C8FAE /* ProfileViewController.swift */; };
/* End PBXBuildFile section */

/* Begin PBXContainerItemProxy section */
		EDF8A147282B686A000C8FAE /* PBXContainerItemProxy */ = {
			isa = PBXContainerItemProxy;
			containerPortal = EDF8A128282B6866000C8FAE /* Project object */;
			proxyType = 1;
			remoteGlobalIDString = EDF8A12F282B6866000C8FAE;
			remoteInfo = Messenger;
		};
		EDF8A151282B686A000C8FAE /* PBXContainerItemProxy */ = {
			isa = PBXContainerItemProxy;
			containerPortal = EDF8A128282B6866000C8FAE /* Project object */;
			proxyType = 1;
			remoteGlobalIDString = EDF8A12F282B6866000C8FAE;
			remoteInfo = Messenger;
		};
/* End PBXContainerItemProxy section */

/* Begin PBXFileReference section */
		EDF8A130282B6866000C8FAE /* Messenger.app */ = {isa = PBXFileReference; explicitFileType = wrapper.application; includeInIndex = 0; path = Messenger.app; sourceTree = BUILT_PRODUCTS_DIR; };
		EDF8A133282B6866000C8FAE /* AppDelegate.swift */ = {isa = PBXFileReference; lastKnownFileType = sourcecode.swift; path = AppDelegate.swift; sourceTree = "<group>"; };
		EDF8A135282B6866000C8FAE /* SceneDelegate.swift */ = {isa = PBXFileReference; lastKnownFileType = sourcecode.swift; path = SceneDelegate.swift; sourceTree = "<group>"; };
		EDF8A137282B6866000C8FAE /* ConversationsViewController.swift */ = {isa = PBXFileReference; lastKnownFileType = sourcecode.swift; path = ConversationsViewController.swift; sourceTree = "<group>"; };
		EDF8A13A282B6866000C8FAE /* Base */ = {isa = PBXFileReference; lastKnownFileType = file.storyboard; name = Base; path = Base.lproj/Main.storyboard; sourceTree = "<group>"; };
		EDF8A13C282B6869000C8FAE /* Assets.xcassets */ = {isa = PBXFileReference; lastKnownFileType = folder.assetcatalog; path = Assets.xcassets; sourceTree = "<group>"; };
		EDF8A13F282B6869000C8FAE /* Base */ = {isa = PBXFileReference; lastKnownFileType = file.storyboard; name = Base; path = Base.lproj/LaunchScreen.storyboard; sourceTree = "<group>"; };
		EDF8A141282B6869000C8FAE /* Info.plist */ = {isa = PBXFileReference; lastKnownFileType = text.plist.xml; path = Info.plist; sourceTree = "<group>"; };
		EDF8A146282B686A000C8FAE /* MessengerTests.xctest */ = {isa = PBXFileReference; explicitFileType = wrapper.cfbundle; includeInIndex = 0; path = MessengerTests.xctest; sourceTree = BUILT_PRODUCTS_DIR; };
		EDF8A14A282B686A000C8FAE /* MessengerTests.swift */ = {isa = PBXFileReference; lastKnownFileType = sourcecode.swift; path = MessengerTests.swift; sourceTree = "<group>"; };
		EDF8A150282B686A000C8FAE /* MessengerUITests.xctest */ = {isa = PBXFileReference; explicitFileType = wrapper.cfbundle; includeInIndex = 0; path = MessengerUITests.xctest; sourceTree = BUILT_PRODUCTS_DIR; };
		EDF8A154282B686A000C8FAE /* MessengerUITests.swift */ = {isa = PBXFileReference; lastKnownFileType = sourcecode.swift; path = MessengerUITests.swift; sourceTree = "<group>"; };
		EDF8A156282B686A000C8FAE /* MessengerUITestsLaunchTests.swift */ = {isa = PBXFileReference; lastKnownFileType = sourcecode.swift; path = MessengerUITestsLaunchTests.swift; sourceTree = "<group>"; };
		EDF8A169282B6ED0000C8FAE /* LoginViewController.swift */ = {isa = PBXFileReference; lastKnownFileType = sourcecode.swift; path = LoginViewController.swift; sourceTree = "<group>"; };
		EDF8A16B282B6EF2000C8FAE /* RegisterViewController.swift */ = {isa = PBXFileReference; lastKnownFileType = sourcecode.swift; path = RegisterViewController.swift; sourceTree = "<group>"; };
		EDF8A16D282B6F27000C8FAE /* PhotoViewerViewController.swift */ = {isa = PBXFileReference; lastKnownFileType = sourcecode.swift; path = PhotoViewerViewController.swift; sourceTree = "<group>"; };
		EDF8A16F282B6F54000C8FAE /* VideoPlayerViewController.swift */ = {isa = PBXFileReference; lastKnownFileType = sourcecode.swift; path = VideoPlayerViewController.swift; sourceTree = "<group>"; };
		EDF8A171282B6F77000C8FAE /* NewConversationViewController.swift */ = {isa = PBXFileReference; lastKnownFileType = sourcecode.swift; path = NewConversationViewController.swift; sourceTree = "<group>"; };
		EDF8A173282B6F89000C8FAE /* ProfileViewController.swift */ = {isa = PBXFileReference; lastKnownFileType = sourcecode.swift; path = ProfileViewController.swift; sourceTree = "<group>"; };
/* End PBXFileReference section */

/* Begin PBXFrameworksBuildPhase section */
		EDF8A12D282B6866000C8FAE /* Frameworks */ = {
			isa = PBXFrameworksBuildPhase;
			buildActionMask = 2147483647;
			files = (
			);
			runOnlyForDeploymentPostprocessing = 0;
		};
		EDF8A143282B686A000C8FAE /* Frameworks */ = {
			isa = PBXFrameworksBuildPhase;
			buildActionMask = 2147483647;
			files = (
			);
			runOnlyForDeploymentPostprocessing = 0;
		};
		EDF8A14D282B686A000C8FAE /* Frameworks */ = {
			isa = PBXFrameworksBuildPhase;
			buildActionMask = 2147483647;
			files = (
			);
			runOnlyForDeploymentPostprocessing = 0;
		};
/* End PBXFrameworksBuildPhase section */

/* Begin PBXGroup section */
		EDF8A127282B6866000C8FAE = {
			isa = PBXGroup;
			children = (
				EDF8A132282B6866000C8FAE /* Messenger */,
				EDF8A149282B686A000C8FAE /* MessengerTests */,
				EDF8A153282B686A000C8FAE /* MessengerUITests */,
				EDF8A131282B6866000C8FAE /* Products */,
			);
			sourceTree = "<group>";
		};
		EDF8A131282B6866000C8FAE /* Products */ = {
			isa = PBXGroup;
			children = (
				EDF8A130282B6866000C8FAE /* Messenger.app */,
				EDF8A146282B686A000C8FAE /* MessengerTests.xctest */,
				EDF8A150282B686A000C8FAE /* MessengerUITests.xctest */,
			);
			name = Products;
			sourceTree = "<group>";
		};
		EDF8A132282B6866000C8FAE /* Messenger */ = {
			isa = PBXGroup;
			children = (
				EDF8A167282B6AE2000C8FAE /* Resources */,
				EDF8A166282B6ACE000C8FAE /* ViewModels */,
				EDF8A165282B6AC5000C8FAE /* Views */,
				EDF8A164282B6ABF000C8FAE /* Models */,
				EDF8A163282B6AA0000C8FAE /* Controllers */,
				EDF8A141282B6869000C8FAE /* Info.plist */,
			);
			path = Messenger;
			sourceTree = "<group>";
		};
		EDF8A149282B686A000C8FAE /* MessengerTests */ = {
			isa = PBXGroup;
			children = (
				EDF8A14A282B686A000C8FAE /* MessengerTests.swift */,
			);
			path = MessengerTests;
			sourceTree = "<group>";
		};
		EDF8A153282B686A000C8FAE /* MessengerUITests */ = {
			isa = PBXGroup;
			children = (
				EDF8A154282B686A000C8FAE /* MessengerUITests.swift */,
				EDF8A156282B686A000C8FAE /* MessengerUITestsLaunchTests.swift */,
			);
			path = MessengerUITests;
			sourceTree = "<group>";
		};
		EDF8A163282B6AA0000C8FAE /* Controllers */ = {
			isa = PBXGroup;
			children = (
				EDF8A137282B6866000C8FAE /* ConversationsViewController.swift */,
				EDF8A169282B6ED0000C8FAE /* LoginViewController.swift */,
				EDF8A16B282B6EF2000C8FAE /* RegisterViewController.swift */,
				EDF8A16D282B6F27000C8FAE /* PhotoViewerViewController.swift */,
				EDF8A16F282B6F54000C8FAE /* VideoPlayerViewController.swift */,
				EDF8A171282B6F77000C8FAE /* NewConversationViewController.swift */,
				EDF8A173282B6F89000C8FAE /* ProfileViewController.swift */,
			);
			path = Controllers;
			sourceTree = "<group>";
		};
		EDF8A164282B6ABF000C8FAE /* Models */ = {
			isa = PBXGroup;
			children = (
			);
			path = Models;
			sourceTree = "<group>";
		};
		EDF8A165282B6AC5000C8FAE /* Views */ = {
			isa = PBXGroup;
			children = (
				EDF8A168282B6B38000C8FAE /* Storyboards */,
				EDF8A13C282B6869000C8FAE /* Assets.xcassets */,
			);
			path = Views;
			sourceTree = "<group>";
		};
		EDF8A166282B6ACE000C8FAE /* ViewModels */ = {
			isa = PBXGroup;
			children = (
			);
			path = ViewModels;
			sourceTree = "<group>";
		};
		EDF8A167282B6AE2000C8FAE /* Resources */ = {
			isa = PBXGroup;
			children = (
				EDF8A133282B6866000C8FAE /* AppDelegate.swift */,
				EDF8A135282B6866000C8FAE /* SceneDelegate.swift */,
			);
			path = Resources;
			sourceTree = "<group>";
		};
		EDF8A168282B6B38000C8FAE /* Storyboards */ = {
			isa = PBXGroup;
			children = (
				EDF8A139282B6866000C8FAE /* Main.storyboard */,
				EDF8A13E282B6869000C8FAE /* LaunchScreen.storyboard */,
			);
			path = Storyboards;
			sourceTree = "<group>";
		};
/* End PBXGroup section */

/* Begin PBXNativeTarget section */
		EDF8A12F282B6866000C8FAE /* Messenger */ = {
			isa = PBXNativeTarget;
			buildConfigurationList = EDF8A15A282B686A000C8FAE /* Build configuration list for PBXNativeTarget "Messenger" */;
			buildPhases = (
				EDF8A12C282B6866000C8FAE /* Sources */,
				EDF8A12D282B6866000C8FAE /* Frameworks */,
				EDF8A12E282B6866000C8FAE /* Resources */,
			);
			buildRules = (
			);
			dependencies = (
			);
			name = Messenger;
			productName = Messenger;
			productReference = EDF8A130282B6866000C8FAE /* Messenger.app */;
			productType = "com.apple.product-type.application";
		};
		EDF8A145282B686A000C8FAE /* MessengerTests */ = {
			isa = PBXNativeTarget;
			buildConfigurationList = EDF8A15D282B686A000C8FAE /* Build configuration list for PBXNativeTarget "MessengerTests" */;
			buildPhases = (
				EDF8A142282B686A000C8FAE /* Sources */,
				EDF8A143282B686A000C8FAE /* Frameworks */,
				EDF8A144282B686A000C8FAE /* Resources */,
			);
			buildRules = (
			);
			dependencies = (
				EDF8A148282B686A000C8FAE /* PBXTargetDependency */,
			);
			name = MessengerTests;
			productName = MessengerTests;
			productReference = EDF8A146282B686A000C8FAE /* MessengerTests.xctest */;
			productType = "com.apple.product-type.bundle.unit-test";
		};
		EDF8A14F282B686A000C8FAE /* MessengerUITests */ = {
			isa = PBXNativeTarget;
			buildConfigurationList = EDF8A160282B686A000C8FAE /* Build configuration list for PBXNativeTarget "MessengerUITests" */;
			buildPhases = (
				EDF8A14C282B686A000C8FAE /* Sources */,
				EDF8A14D282B686A000C8FAE /* Frameworks */,
				EDF8A14E282B686A000C8FAE /* Resources */,
			);
			buildRules = (
			);
			dependencies = (
				EDF8A152282B686A000C8FAE /* PBXTargetDependency */,
			);
			name = MessengerUITests;
			productName = MessengerUITests;
			productReference = EDF8A150282B686A000C8FAE /* MessengerUITests.xctest */;
			productType = "com.apple.product-type.bundle.ui-testing";
		};
/* End PBXNativeTarget section */

/* Begin PBXProject section */
		EDF8A128282B6866000C8FAE /* Project object */ = {
			isa = PBXProject;
			attributes = {
				BuildIndependentTargetsInParallel = 1;
				LastSwiftUpdateCheck = 1330;
				LastUpgradeCheck = 1330;
				TargetAttributes = {
					EDF8A12F282B6866000C8FAE = {
						CreatedOnToolsVersion = 13.3.1;
					};
					EDF8A145282B686A000C8FAE = {
						CreatedOnToolsVersion = 13.3.1;
						TestTargetID = EDF8A12F282B6866000C8FAE;
					};
					EDF8A14F282B686A000C8FAE = {
						CreatedOnToolsVersion = 13.3.1;
						TestTargetID = EDF8A12F282B6866000C8FAE;
					};
				};
			};
			buildConfigurationList = EDF8A12B282B6866000C8FAE /* Build configuration list for PBXProject "Messenger" */;
			compatibilityVersion = "Xcode 13.0";
			developmentRegion = en;
			hasScannedForEncodings = 0;
			knownRegions = (
				en,
				Base,
			);
			mainGroup = EDF8A127282B6866000C8FAE;
			productRefGroup = EDF8A131282B6866000C8FAE /* Products */;
			projectDirPath = "";
			projectRoot = "";
			targets = (
				EDF8A12F282B6866000C8FAE /* Messenger */,
				EDF8A145282B686A000C8FAE /* MessengerTests */,
				EDF8A14F282B686A000C8FAE /* MessengerUITests */,
			);
		};
/* End PBXProject section */

/* Begin PBXResourcesBuildPhase section */
		EDF8A12E282B6866000C8FAE /* Resources */ = {
			isa = PBXResourcesBuildPhase;
			buildActionMask = 2147483647;
			files = (
				EDF8A140282B6869000C8FAE /* LaunchScreen.storyboard in Resources */,
				EDF8A13D282B6869000C8FAE /* Assets.xcassets in Resources */,
				EDF8A13B282B6866000C8FAE /* Main.storyboard in Resources */,
			);
			runOnlyForDeploymentPostprocessing = 0;
		};
		EDF8A144282B686A000C8FAE /* Resources */ = {
			isa = PBXResourcesBuildPhase;
			buildActionMask = 2147483647;
			files = (
			);
			runOnlyForDeploymentPostprocessing = 0;
		};
		EDF8A14E282B686A000C8FAE /* Resources */ = {
			isa = PBXResourcesBuildPhase;
			buildActionMask = 2147483647;
			files = (
			);
			runOnlyForDeploymentPostprocessing = 0;
		};
/* End PBXResourcesBuildPhase section */

/* Begin PBXSourcesBuildPhase section */
		EDF8A12C282B6866000C8FAE /* Sources */ = {
			isa = PBXSourcesBuildPhase;
			buildActionMask = 2147483647;
			files = (
				EDF8A16A282B6ED0000C8FAE /* LoginViewController.swift in Sources */,
				EDF8A16C282B6EF2000C8FAE /* RegisterViewController.swift in Sources */,
				EDF8A172282B6F77000C8FAE /* NewConversationViewController.swift in Sources */,
				EDF8A138282B6866000C8FAE /* ConversationsViewController.swift in Sources */,
				EDF8A170282B6F54000C8FAE /* VideoPlayerViewController.swift in Sources */,
				EDF8A134282B6866000C8FAE /* AppDelegate.swift in Sources */,
				EDF8A174282B6F89000C8FAE /* ProfileViewController.swift in Sources */,
				EDF8A136282B6866000C8FAE /* SceneDelegate.swift in Sources */,
				EDF8A16E282B6F27000C8FAE /* PhotoViewerViewController.swift in Sources */,
			);
			runOnlyForDeploymentPostprocessing = 0;
		};
		EDF8A142282B686A000C8FAE /* Sources */ = {
			isa = PBXSourcesBuildPhase;
			buildActionMask = 2147483647;
			files = (
				EDF8A14B282B686A000C8FAE /* MessengerTests.swift in Sources */,
			);
			runOnlyForDeploymentPostprocessing = 0;
		};
		EDF8A14C282B686A000C8FAE /* Sources */ = {
			isa = PBXSourcesBuildPhase;
			buildActionMask = 2147483647;
			files = (
				EDF8A157282B686A000C8FAE /* MessengerUITestsLaunchTests.swift in Sources */,
				EDF8A155282B686A000C8FAE /* MessengerUITests.swift in Sources */,
			);
			runOnlyForDeploymentPostprocessing = 0;
		};
/* End PBXSourcesBuildPhase section */

/* Begin PBXTargetDependency section */
		EDF8A148282B686A000C8FAE /* PBXTargetDependency */ = {
			isa = PBXTargetDependency;
			target = EDF8A12F282B6866000C8FAE /* Messenger */;
			targetProxy = EDF8A147282B686A000C8FAE /* PBXContainerItemProxy */;
		};
		EDF8A152282B686A000C8FAE /* PBXTargetDependency */ = {
			isa = PBXTargetDependency;
			target = EDF8A12F282B6866000C8FAE /* Messenger */;
			targetProxy = EDF8A151282B686A000C8FAE /* PBXContainerItemProxy */;
		};
/* End PBXTargetDependency section */

/* Begin PBXVariantGroup section */
		EDF8A139282B6866000C8FAE /* Main.storyboard */ = {
			isa = PBXVariantGroup;
			children = (
				EDF8A13A282B6866000C8FAE /* Base */,
			);
			name = Main.storyboard;
			sourceTree = "<group>";
		};
		EDF8A13E282B6869000C8FAE /* LaunchScreen.storyboard */ = {
			isa = PBXVariantGroup;
			children = (
				EDF8A13F282B6869000C8FAE /* Base */,
			);
			name = LaunchScreen.storyboard;
			sourceTree = "<group>";
		};
/* End PBXVariantGroup section */

/* Begin XCBuildConfiguration section */
		EDF8A158282B686A000C8FAE /* Debug */ = {
			isa = XCBuildConfiguration;
			buildSettings = {
				ALWAYS_SEARCH_USER_PATHS = NO;
				CLANG_ANALYZER_NONNULL = YES;
				CLANG_ANALYZER_NUMBER_OBJECT_CONVERSION = YES_AGGRESSIVE;
				CLANG_CXX_LANGUAGE_STANDARD = "gnu++17";
				CLANG_ENABLE_MODULES = YES;
				CLANG_ENABLE_OBJC_ARC = YES;
				CLANG_ENABLE_OBJC_WEAK = YES;
				CLANG_WARN_BLOCK_CAPTURE_AUTORELEASING = YES;
				CLANG_WARN_BOOL_CONVERSION = YES;
				CLANG_WARN_COMMA = YES;
				CLANG_WARN_CONSTANT_CONVERSION = YES;
				CLANG_WARN_DEPRECATED_OBJC_IMPLEMENTATIONS = YES;
				CLANG_WARN_DIRECT_OBJC_ISA_USAGE = YES_ERROR;
				CLANG_WARN_DOCUMENTATION_COMMENTS = YES;
				CLANG_WARN_EMPTY_BODY = YES;
				CLANG_WARN_ENUM_CONVERSION = YES;
				CLANG_WARN_INFINITE_RECURSION = YES;
				CLANG_WARN_INT_CONVERSION = YES;
				CLANG_WARN_NON_LITERAL_NULL_CONVERSION = YES;
				CLANG_WARN_OBJC_IMPLICIT_RETAIN_SELF = YES;
				CLANG_WARN_OBJC_LITERAL_CONVERSION = YES;
				CLANG_WARN_OBJC_ROOT_CLASS = YES_ERROR;
				CLANG_WARN_QUOTED_INCLUDE_IN_FRAMEWORK_HEADER = YES;
				CLANG_WARN_RANGE_LOOP_ANALYSIS = YES;
				CLANG_WARN_STRICT_PROTOTYPES = YES;
				CLANG_WARN_SUSPICIOUS_MOVE = YES;
				CLANG_WARN_UNGUARDED_AVAILABILITY = YES_AGGRESSIVE;
				CLANG_WARN_UNREACHABLE_CODE = YES;
				CLANG_WARN__DUPLICATE_METHOD_MATCH = YES;
				COPY_PHASE_STRIP = NO;
				DEBUG_INFORMATION_FORMAT = dwarf;
				ENABLE_STRICT_OBJC_MSGSEND = YES;
				ENABLE_TESTABILITY = YES;
				GCC_C_LANGUAGE_STANDARD = gnu11;
				GCC_DYNAMIC_NO_PIC = NO;
				GCC_NO_COMMON_BLOCKS = YES;
				GCC_OPTIMIZATION_LEVEL = 0;
				GCC_PREPROCESSOR_DEFINITIONS = (
					"DEBUG=1",
					"$(inherited)",
				);
				GCC_WARN_64_TO_32_BIT_CONVERSION = YES;
				GCC_WARN_ABOUT_RETURN_TYPE = YES_ERROR;
				GCC_WARN_UNDECLARED_SELECTOR = YES;
				GCC_WARN_UNINITIALIZED_AUTOS = YES_AGGRESSIVE;
				GCC_WARN_UNUSED_FUNCTION = YES;
				GCC_WARN_UNUSED_VARIABLE = YES;
				IPHONEOS_DEPLOYMENT_TARGET = 15.4;
				MTL_ENABLE_DEBUG_INFO = INCLUDE_SOURCE;
				MTL_FAST_MATH = YES;
				ONLY_ACTIVE_ARCH = YES;
				SDKROOT = iphoneos;
				SWIFT_ACTIVE_COMPILATION_CONDITIONS = DEBUG;
				SWIFT_OPTIMIZATION_LEVEL = "-Onone";
			};
			name = Debug;
		};
		EDF8A159282B686A000C8FAE /* Release */ = {
			isa = XCBuildConfiguration;
			buildSettings = {
				ALWAYS_SEARCH_USER_PATHS = NO;
				CLANG_ANALYZER_NONNULL = YES;
				CLANG_ANALYZER_NUMBER_OBJECT_CONVERSION = YES_AGGRESSIVE;
				CLANG_CXX_LANGUAGE_STANDARD = "gnu++17";
				CLANG_ENABLE_MODULES = YES;
				CLANG_ENABLE_OBJC_ARC = YES;
				CLANG_ENABLE_OBJC_WEAK = YES;
				CLANG_WARN_BLOCK_CAPTURE_AUTORELEASING = YES;
				CLANG_WARN_BOOL_CONVERSION = YES;
				CLANG_WARN_COMMA = YES;
				CLANG_WARN_CONSTANT_CONVERSION = YES;
				CLANG_WARN_DEPRECATED_OBJC_IMPLEMENTATIONS = YES;
				CLANG_WARN_DIRECT_OBJC_ISA_USAGE = YES_ERROR;
				CLANG_WARN_DOCUMENTATION_COMMENTS = YES;
				CLANG_WARN_EMPTY_BODY = YES;
				CLANG_WARN_ENUM_CONVERSION = YES;
				CLANG_WARN_INFINITE_RECURSION = YES;
				CLANG_WARN_INT_CONVERSION = YES;
				CLANG_WARN_NON_LITERAL_NULL_CONVERSION = YES;
				CLANG_WARN_OBJC_IMPLICIT_RETAIN_SELF = YES;
				CLANG_WARN_OBJC_LITERAL_CONVERSION = YES;
				CLANG_WARN_OBJC_ROOT_CLASS = YES_ERROR;
				CLANG_WARN_QUOTED_INCLUDE_IN_FRAMEWORK_HEADER = YES;
				CLANG_WARN_RANGE_LOOP_ANALYSIS = YES;
				CLANG_WARN_STRICT_PROTOTYPES = YES;
				CLANG_WARN_SUSPICIOUS_MOVE = YES;
				CLANG_WARN_UNGUARDED_AVAILABILITY = YES_AGGRESSIVE;
				CLANG_WARN_UNREACHABLE_CODE = YES;
				CLANG_WARN__DUPLICATE_METHOD_MATCH = YES;
				COPY_PHASE_STRIP = NO;
				DEBUG_INFORMATION_FORMAT = "dwarf-with-dsym";
				ENABLE_NS_ASSERTIONS = NO;
				ENABLE_STRICT_OBJC_MSGSEND = YES;
				GCC_C_LANGUAGE_STANDARD = gnu11;
				GCC_NO_COMMON_BLOCKS = YES;
				GCC_WARN_64_TO_32_BIT_CONVERSION = YES;
				GCC_WARN_ABOUT_RETURN_TYPE = YES_ERROR;
				GCC_WARN_UNDECLARED_SELECTOR = YES;
				GCC_WARN_UNINITIALIZED_AUTOS = YES_AGGRESSIVE;
				GCC_WARN_UNUSED_FUNCTION = YES;
				GCC_WARN_UNUSED_VARIABLE = YES;
				IPHONEOS_DEPLOYMENT_TARGET = 15.4;
				MTL_ENABLE_DEBUG_INFO = NO;
				MTL_FAST_MATH = YES;
				SDKROOT = iphoneos;
				SWIFT_COMPILATION_MODE = wholemodule;
				SWIFT_OPTIMIZATION_LEVEL = "-O";
				VALIDATE_PRODUCT = YES;
			};
			name = Release;
		};
		EDF8A15B282B686A000C8FAE /* Debug */ = {
			isa = XCBuildConfiguration;
			buildSettings = {
				ASSETCATALOG_COMPILER_APPICON_NAME = AppIcon;
				ASSETCATALOG_COMPILER_GLOBAL_ACCENT_COLOR_NAME = AccentColor;
				CODE_SIGN_STYLE = Automatic;
				CURRENT_PROJECT_VERSION = 1;
				DEVELOPMENT_TEAM = 4UANMS3AF7;
				GENERATE_INFOPLIST_FILE = YES;
				INFOPLIST_FILE = Messenger/Info.plist;
				INFOPLIST_KEY_UIApplicationSupportsIndirectInputEvents = YES;
				INFOPLIST_KEY_UILaunchStoryboardName = LaunchScreen;
				INFOPLIST_KEY_UIMainStoryboardFile = Main;
				INFOPLIST_KEY_UISupportedInterfaceOrientations = UIInterfaceOrientationPortrait;
				INFOPLIST_KEY_UISupportedInterfaceOrientations_iPad = "UIInterfaceOrientationPortrait UIInterfaceOrientationPortraitUpsideDown UIInterfaceOrientationLandscapeLeft UIInterfaceOrientationLandscapeRight";
				INFOPLIST_KEY_UISupportedInterfaceOrientations_iPhone = "UIInterfaceOrientationPortrait UIInterfaceOrientationLandscapeLeft UIInterfaceOrientationLandscapeRight";
				IPHONEOS_DEPLOYMENT_TARGET = 15.4;
				LD_RUNPATH_SEARCH_PATHS = (
					"$(inherited)",
					"@executable_path/Frameworks",
				);
				MARKETING_VERSION = 1.0;
				PRODUCT_BUNDLE_IDENTIFIER = com.montekkundan.Messenger;
				PRODUCT_NAME = "$(TARGET_NAME)";
				SWIFT_EMIT_LOC_STRINGS = YES;
				SWIFT_VERSION = 5.0;
				TARGETED_DEVICE_FAMILY = "1,2";
			};
			name = Debug;
		};
		EDF8A15C282B686A000C8FAE /* Release */ = {
			isa = XCBuildConfiguration;
			buildSettings = {
				ASSETCATALOG_COMPILER_APPICON_NAME = AppIcon;
				ASSETCATALOG_COMPILER_GLOBAL_ACCENT_COLOR_NAME = AccentColor;
				CODE_SIGN_STYLE = Automatic;
				CURRENT_PROJECT_VERSION = 1;
				DEVELOPMENT_TEAM = 4UANMS3AF7;
				GENERATE_INFOPLIST_FILE = YES;
				INFOPLIST_FILE = Messenger/Info.plist;
				INFOPLIST_KEY_UIApplicationSupportsIndirectInputEvents = YES;
				INFOPLIST_KEY_UILaunchStoryboardName = LaunchScreen;
				INFOPLIST_KEY_UIMainStoryboardFile = Main;
				INFOPLIST_KEY_UISupportedInterfaceOrientations = UIInterfaceOrientationPortrait;
				INFOPLIST_KEY_UISupportedInterfaceOrientations_iPad = "UIInterfaceOrientationPortrait UIInterfaceOrientationPortraitUpsideDown UIInterfaceOrientationLandscapeLeft UIInterfaceOrientationLandscapeRight";
				INFOPLIST_KEY_UISupportedInterfaceOrientations_iPhone = "UIInterfaceOrientationPortrait UIInterfaceOrientationLandscapeLeft UIInterfaceOrientationLandscapeRight";
				IPHONEOS_DEPLOYMENT_TARGET = 15.4;
				LD_RUNPATH_SEARCH_PATHS = (
					"$(inherited)",
					"@executable_path/Frameworks",
				);
				MARKETING_VERSION = 1.0;
				PRODUCT_BUNDLE_IDENTIFIER = com.montekkundan.Messenger;
				PRODUCT_NAME = "$(TARGET_NAME)";
				SWIFT_EMIT_LOC_STRINGS = YES;
				SWIFT_VERSION = 5.0;
				TARGETED_DEVICE_FAMILY = "1,2";
			};
			name = Release;
		};
		EDF8A15E282B686A000C8FAE /* Debug */ = {
			isa = XCBuildConfiguration;
			buildSettings = {
				ALWAYS_EMBED_SWIFT_STANDARD_LIBRARIES = YES;
				BUNDLE_LOADER = "$(TEST_HOST)";
				CODE_SIGN_STYLE = Automatic;
				CURRENT_PROJECT_VERSION = 1;
				DEVELOPMENT_TEAM = 4UANMS3AF7;
				GENERATE_INFOPLIST_FILE = YES;
				IPHONEOS_DEPLOYMENT_TARGET = 15.4;
				MARKETING_VERSION = 1.0;
				PRODUCT_BUNDLE_IDENTIFIER = com.montekkundan.MessengerTests;
				PRODUCT_NAME = "$(TARGET_NAME)";
				SWIFT_EMIT_LOC_STRINGS = NO;
				SWIFT_VERSION = 5.0;
				TARGETED_DEVICE_FAMILY = "1,2";
				TEST_HOST = "$(BUILT_PRODUCTS_DIR)/Messenger.app/Messenger";
			};
			name = Debug;
		};
		EDF8A15F282B686A000C8FAE /* Release */ = {
			isa = XCBuildConfiguration;
			buildSettings = {
				ALWAYS_EMBED_SWIFT_STANDARD_LIBRARIES = YES;
				BUNDLE_LOADER = "$(TEST_HOST)";
				CODE_SIGN_STYLE = Automatic;
				CURRENT_PROJECT_VERSION = 1;
				DEVELOPMENT_TEAM = 4UANMS3AF7;
				GENERATE_INFOPLIST_FILE = YES;
				IPHONEOS_DEPLOYMENT_TARGET = 15.4;
				MARKETING_VERSION = 1.0;
				PRODUCT_BUNDLE_IDENTIFIER = com.montekkundan.MessengerTests;
				PRODUCT_NAME = "$(TARGET_NAME)";
				SWIFT_EMIT_LOC_STRINGS = NO;
				SWIFT_VERSION = 5.0;
				TARGETED_DEVICE_FAMILY = "1,2";
				TEST_HOST = "$(BUILT_PRODUCTS_DIR)/Messenger.app/Messenger";
			};
			name = Release;
		};
		EDF8A161282B686A000C8FAE /* Debug */ = {
			isa = XCBuildConfiguration;
			buildSettings = {
				ALWAYS_EMBED_SWIFT_STANDARD_LIBRARIES = YES;
				CODE_SIGN_STYLE = Automatic;
				CURRENT_PROJECT_VERSION = 1;
				DEVELOPMENT_TEAM = 4UANMS3AF7;
				GENERATE_INFOPLIST_FILE = YES;
				MARKETING_VERSION = 1.0;
				PRODUCT_BUNDLE_IDENTIFIER = com.montekkundan.MessengerUITests;
				PRODUCT_NAME = "$(TARGET_NAME)";
				SWIFT_EMIT_LOC_STRINGS = NO;
				SWIFT_VERSION = 5.0;
				TARGETED_DEVICE_FAMILY = "1,2";
				TEST_TARGET_NAME = Messenger;
			};
			name = Debug;
		};
		EDF8A162282B686A000C8FAE /* Release */ = {
			isa = XCBuildConfiguration;
			buildSettings = {
				ALWAYS_EMBED_SWIFT_STANDARD_LIBRARIES = YES;
				CODE_SIGN_STYLE = Automatic;
				CURRENT_PROJECT_VERSION = 1;
				DEVELOPMENT_TEAM = 4UANMS3AF7;
				GENERATE_INFOPLIST_FILE = YES;
				MARKETING_VERSION = 1.0;
				PRODUCT_BUNDLE_IDENTIFIER = com.montekkundan.MessengerUITests;
				PRODUCT_NAME = "$(TARGET_NAME)";
				SWIFT_EMIT_LOC_STRINGS = NO;
				SWIFT_VERSION = 5.0;
				TARGETED_DEVICE_FAMILY = "1,2";
				TEST_TARGET_NAME = Messenger;
			};
			name = Release;
		};
/* End XCBuildConfiguration section */

/* Begin XCConfigurationList section */
		EDF8A12B282B6866000C8FAE /* Build configuration list for PBXProject "Messenger" */ = {
			isa = XCConfigurationList;
			buildConfigurations = (
				EDF8A158282B686A000C8FAE /* Debug */,
				EDF8A159282B686A000C8FAE /* Release */,
			);
			defaultConfigurationIsVisible = 0;
			defaultConfigurationName = Release;
		};
		EDF8A15A282B686A000C8FAE /* Build configuration list for PBXNativeTarget "Messenger" */ = {
			isa = XCConfigurationList;
			buildConfigurations = (
				EDF8A15B282B686A000C8FAE /* Debug */,
				EDF8A15C282B686A000C8FAE /* Release */,
			);
			defaultConfigurationIsVisible = 0;
			defaultConfigurationName = Release;
		};
		EDF8A15D282B686A000C8FAE /* Build configuration list for PBXNativeTarget "MessengerTests" */ = {
			isa = XCConfigurationList;
			buildConfigurations = (
				EDF8A15E282B686A000C8FAE /* Debug */,
				EDF8A15F282B686A000C8FAE /* Release */,
			);
			defaultConfigurationIsVisible = 0;
			defaultConfigurationName = Release;
		};
		EDF8A160282B686A000C8FAE /* Build configuration list for PBXNativeTarget "MessengerUITests" */ = {
			isa = XCConfigurationList;
			buildConfigurations = (
				EDF8A161282B686A000C8FAE /* Debug */,
				EDF8A162282B686A000C8FAE /* Release */,
			);
			defaultConfigurationIsVisible = 0;
			defaultConfigurationName = Release;
		};
/* End XCConfigurationList section */
	};
	rootObject = EDF8A128282B6866000C8FAE /* Project object */;
}
